{
  "name": "Portfolio_project",
  "lockfileVersion": 3,
  "requires": true,
  "packages": {
    "": {
      "dependencies": {
        "@simonwep/pickr": "^1.9.0"
      }
    },
    "node_modules/@simonwep/pickr": {
      "version": "1.9.0",
      "resolved": "https://registry.npmjs.org/@simonwep/pickr/-/pickr-1.9.0.tgz",
      "integrity": "sha512-oEYvv15PyfZzjoAzvXYt3UyNGwzsrpFxLaZKzkOSd0WYBVwLd19iJerePDONxC1iF6+DpcswPdLIM2KzCJuYFg==",
      "dependencies": {
        "core-js": "3.32.2",
        "nanopop": "2.3.0"
      }
    },
    "node_modules/core-js": {
      "version": "3.32.2",
      "resolved": "https://registry.npmjs.org/core-js/-/core-js-3.32.2.tgz",
      "integrity": "sha512-pxXSw1mYZPDGvTQqEc5vgIb83jGQKFGYWY76z4a7weZXUolw3G+OvpZqSRcfYOoOVUQJYEPsWeQK8pKEnUtWxQ==",
      "hasInstallScript": true,
      "funding": {
        "type": "opencollective",
        "url": "https://opencollective.com/core-js"
      }
    },
    "node_modules/nanopop": {
      "version": "2.3.0",
      "resolved": "https://registry.npmjs.org/nanopop/-/nanopop-2.3.0.tgz",
      "integrity": "sha512-fzN+T2K7/Ah25XU02MJkPZ5q4Tj5FpjmIYq4rvoHX4yb16HzFdCO6JxFFn5Y/oBhQ8no8fUZavnyIv9/+xkBBw=="
    }
  }
}
